// !$*UTF8*$!
{
	archiveVersion = 1;
	classes = {
	};
	objectVersion = 56;
	objects = {

/* Begin PBXBuildFile section */
		50EC52A42A6128C400998C56 /* AppDelegate.swift in Sources */ = {isa = PBXBuildFile; fileRef = 50EC52A32A6128C400998C56 /* AppDelegate.swift */; };
		50EC52A62A6128C400998C56 /* SceneDelegate.swift in Sources */ = {isa = PBXBuildFile; fileRef = 50EC52A52A6128C400998C56 /* SceneDelegate.swift */; };
		50EC52A82A6128C400998C56 /* ViewController.swift in Sources */ = {isa = PBXBuildFile; fileRef = 50EC52A72A6128C400998C56 /* ViewController.swift */; };
		50EC52AB2A6128C400998C56 /* Main.storyboard in Resources */ = {isa = PBXBuildFile; fileRef = 50EC52A92A6128C400998C56 /* Main.storyboard */; };
		50EC52AD2A6128C600998C56 /* Assets.xcassets in Resources */ = {isa = PBXBuildFile; fileRef = 50EC52AC2A6128C600998C56 /* Assets.xcassets */; };
		50EC52B02A6128C700998C56 /* LaunchScreen.storyboard in Resources */ = {isa = PBXBuildFile; fileRef = 50EC52AE2A6128C700998C56 /* LaunchScreen.storyboard */; };
		50EC52BB2A6128C700998C56 /* APIDataBitcoineTests.swift in Sources */ = {isa = PBXBuildFile; fileRef = 50EC52BA2A6128C700998C56 /* APIDataBitcoineTests.swift */; };
		50EC52C52A6128C700998C56 /* APIDataBitcoineUITests.swift in Sources */ = {isa = PBXBuildFile; fileRef = 50EC52C42A6128C700998C56 /* APIDataBitcoineUITests.swift */; };
		50EC52C72A6128C700998C56 /* APIDataBitcoineUITestsLaunchTests.swift in Sources */ = {isa = PBXBuildFile; fileRef = 50EC52C62A6128C700998C56 /* APIDataBitcoineUITestsLaunchTests.swift */; };
/* End PBXBuildFile section */

/* Begin PBXContainerItemProxy section */
		50EC52B72A6128C700998C56 /* PBXContainerItemProxy */ = {
			isa = PBXContainerItemProxy;
			containerPortal = 50EC52982A6128C400998C56 /* Project object */;
			proxyType = 1;
			remoteGlobalIDString = 50EC529F2A6128C400998C56;
			remoteInfo = APIDataBitcoine;
		};
		50EC52C12A6128C700998C56 /* PBXContainerItemProxy */ = {
			isa = PBXContainerItemProxy;
			containerPortal = 50EC52982A6128C400998C56 /* Project object */;
			proxyType = 1;
			remoteGlobalIDString = 50EC529F2A6128C400998C56;
			remoteInfo = APIDataBitcoine;
		};
/* End PBXContainerItemProxy section */

/* Begin PBXFileReference section */
		50EC52A02A6128C400998C56 /* APIDataBitcoine.app */ = {isa = PBXFileReference; explicitFileType = wrapper.application; includeInIndex = 0; path = APIDataBitcoine.app; sourceTree = BUILT_PRODUCTS_DIR; };
		50EC52A32A6128C400998C56 /* AppDelegate.swift */ = {isa = PBXFileReference; lastKnownFileType = sourcecode.swift; path = AppDelegate.swift; sourceTree = "<group>"; };
		50EC52A52A6128C400998C56 /* SceneDelegate.swift */ = {isa = PBXFileReference; lastKnownFileType = sourcecode.swift; path = SceneDelegate.swift; sourceTree = "<group>"; };
		50EC52A72A6128C400998C56 /* ViewController.swift */ = {isa = PBXFileReference; lastKnownFileType = sourcecode.swift; path = ViewController.swift; sourceTree = "<group>"; };
		50EC52AA2A6128C400998C56 /* Base */ = {isa = PBXFileReference; lastKnownFileType = file.storyboard; name = Base; path = Base.lproj/Main.storyboard; sourceTree = "<group>"; };
		50EC52AC2A6128C600998C56 /* Assets.xcassets */ = {isa = PBXFileReference; lastKnownFileType = folder.assetcatalog; path = Assets.xcassets; sourceTree = "<group>"; };
		50EC52AF2A6128C700998C56 /* Base */ = {isa = PBXFileReference; lastKnownFileType = file.storyboard; name = Base; path = Base.lproj/LaunchScreen.storyboard; sourceTree = "<group>"; };
		50EC52B12A6128C700998C56 /* Info.plist */ = {isa = PBXFileReference; lastKnownFileType = text.plist.xml; path = Info.plist; sourceTree = "<group>"; };
		50EC52B62A6128C700998C56 /* APIDataBitcoineTests.xctest */ = {isa = PBXFileReference; explicitFileType = wrapper.cfbundle; includeInIndex = 0; path = APIDataBitcoineTests.xctest; sourceTree = BUILT_PRODUCTS_DIR; };
		50EC52BA2A6128C700998C56 /* APIDataBitcoineTests.swift */ = {isa = PBXFileReference; lastKnownFileType = sourcecode.swift; path = APIDataBitcoineTests.swift; sourceTree = "<group>"; };
		50EC52C02A6128C700998C56 /* APIDataBitcoineUITests.xctest */ = {isa = PBXFileReference; explicitFileType = wrapper.cfbundle; includeInIndex = 0; path = APIDataBitcoineUITests.xctest; sourceTree = BUILT_PRODUCTS_DIR; };
		50EC52C42A6128C700998C56 /* APIDataBitcoineUITests.swift */ = {isa = PBXFileReference; lastKnownFileType = sourcecode.swift; path = APIDataBitcoineUITests.swift; sourceTree = "<group>"; };
		50EC52C62A6128C700998C56 /* APIDataBitcoineUITestsLaunchTests.swift */ = {isa = PBXFileReference; lastKnownFileType = sourcecode.swift; path = APIDataBitcoineUITestsLaunchTests.swift; sourceTree = "<group>"; };
/* End PBXFileReference section */

/* Begin PBXFrameworksBuildPhase section */
		50EC529D2A6128C400998C56 /* Frameworks */ = {
			isa = PBXFrameworksBuildPhase;
			buildActionMask = 2147483647;
			files = (
			);
			runOnlyForDeploymentPostprocessing = 0;
		};
		50EC52B32A6128C700998C56 /* Frameworks */ = {
			isa = PBXFrameworksBuildPhase;
			buildActionMask = 2147483647;
			files = (
			);
			runOnlyForDeploymentPostprocessing = 0;
		};
		50EC52BD2A6128C700998C56 /* Frameworks */ = {
			isa = PBXFrameworksBuildPhase;
			buildActionMask = 2147483647;
			files = (
			);
			runOnlyForDeploymentPostprocessing = 0;
		};
/* End PBXFrameworksBuildPhase section */

/* Begin PBXGroup section */
		50EC52972A6128C400998C56 = {
			isa = PBXGroup;
			children = (
				50EC52A22A6128C400998C56 /* APIDataBitcoine */,
				50EC52B92A6128C700998C56 /* APIDataBitcoineTests */,
				50EC52C32A6128C700998C56 /* APIDataBitcoineUITests */,
				50EC52A12A6128C400998C56 /* Products */,
			);
			sourceTree = "<group>";
		};
		50EC52A12A6128C400998C56 /* Products */ = {
			isa = PBXGroup;
			children = (
				50EC52A02A6128C400998C56 /* APIDataBitcoine.app */,
				50EC52B62A6128C700998C56 /* APIDataBitcoineTests.xctest */,
				50EC52C02A6128C700998C56 /* APIDataBitcoineUITests.xctest */,
			);
			name = Products;
			sourceTree = "<group>";
		};
		50EC52A22A6128C400998C56 /* APIDataBitcoine */ = {
			isa = PBXGroup;
			children = (
				50EC52A32A6128C400998C56 /* AppDelegate.swift */,
				50EC52A52A6128C400998C56 /* SceneDelegate.swift */,
				50EC52A72A6128C400998C56 /* ViewController.swift */,
				50EC52A92A6128C400998C56 /* Main.storyboard */,
				50EC52AC2A6128C600998C56 /* Assets.xcassets */,
				50EC52AE2A6128C700998C56 /* LaunchScreen.storyboard */,
				50EC52B12A6128C700998C56 /* Info.plist */,
			);
			path = APIDataBitcoine;
			sourceTree = "<group>";
		};
		50EC52B92A6128C700998C56 /* APIDataBitcoineTests */ = {
			isa = PBXGroup;
			children = (
				50EC52BA2A6128C700998C56 /* APIDataBitcoineTests.swift */,
			);
			path = APIDataBitcoineTests;
			sourceTree = "<group>";
		};
		50EC52C32A6128C700998C56 /* APIDataBitcoineUITests */ = {
			isa = PBXGroup;
			children = (
				50EC52C42A6128C700998C56 /* APIDataBitcoineUITests.swift */,
				50EC52C62A6128C700998C56 /* APIDataBitcoineUITestsLaunchTests.swift */,
			);
			path = APIDataBitcoineUITests;
			sourceTree = "<group>";
		};
/* End PBXGroup section */

/* Begin PBXNativeTarget section */
		50EC529F2A6128C400998C56 /* APIDataBitcoine */ = {
			isa = PBXNativeTarget;
			buildConfigurationList = 50EC52CA2A6128C700998C56 /* Build configuration list for PBXNativeTarget "APIDataBitcoine" */;
			buildPhases = (
				50EC529C2A6128C400998C56 /* Sources */,
				50EC529D2A6128C400998C56 /* Frameworks */,
				50EC529E2A6128C400998C56 /* Resources */,
			);
			buildRules = (
			);
			dependencies = (
			);
			name = APIDataBitcoine;
			productName = APIDataBitcoine;
			productReference = 50EC52A02A6128C400998C56 /* APIDataBitcoine.app */;
			productType = "com.apple.product-type.application";
		};
		50EC52B52A6128C700998C56 /* APIDataBitcoineTests */ = {
			isa = PBXNativeTarget;
			buildConfigurationList = 50EC52CD2A6128C700998C56 /* Build configuration list for PBXNativeTarget "APIDataBitcoineTests" */;
			buildPhases = (
				50EC52B22A6128C700998C56 /* Sources */,
				50EC52B32A6128C700998C56 /* Frameworks */,
				50EC52B42A6128C700998C56 /* Resources */,
			);
			buildRules = (
			);
			dependencies = (
				50EC52B82A6128C700998C56 /* PBXTargetDependency */,
			);
			name = APIDataBitcoineTests;
			productName = APIDataBitcoineTests;
			productReference = 50EC52B62A6128C700998C56 /* APIDataBitcoineTests.xctest */;
			productType = "com.apple.product-type.bundle.unit-test";
		};
		50EC52BF2A6128C700998C56 /* APIDataBitcoineUITests */ = {
			isa = PBXNativeTarget;
			buildConfigurationList = 50EC52D02A6128C700998C56 /* Build configuration list for PBXNativeTarget "APIDataBitcoineUITests" */;
			buildPhases = (
				50EC52BC2A6128C700998C56 /* Sources */,
				50EC52BD2A6128C700998C56 /* Frameworks */,
				50EC52BE2A6128C700998C56 /* Resources */,
			);
			buildRules = (
			);
			dependencies = (
				50EC52C22A6128C700998C56 /* PBXTargetDependency */,
			);
			name = APIDataBitcoineUITests;
			productName = APIDataBitcoineUITests;
			productReference = 50EC52C02A6128C700998C56 /* APIDataBitcoineUITests.xctest */;
			productType = "com.apple.product-type.bundle.ui-testing";
		};
/* End PBXNativeTarget section */

/* Begin PBXProject section */
		50EC52982A6128C400998C56 /* Project object */ = {
			isa = PBXProject;
			attributes = {
				BuildIndependentTargetsInParallel = 1;
				LastSwiftUpdateCheck = 1430;
				LastUpgradeCheck = 1430;
				TargetAttributes = {
					50EC529F2A6128C400998C56 = {
						CreatedOnToolsVersion = 14.3;
					};
					50EC52B52A6128C700998C56 = {
						CreatedOnToolsVersion = 14.3;
						TestTargetID = 50EC529F2A6128C400998C56;
					};
					50EC52BF2A6128C700998C56 = {
						CreatedOnToolsVersion = 14.3;
						TestTargetID = 50EC529F2A6128C400998C56;
					};
				};
			};
			buildConfigurationList = 50EC529B2A6128C400998C56 /* Build configuration list for PBXProject "APIDataBitcoine" */;
			compatibilityVersion = "Xcode 14.0";
			developmentRegion = en;
			hasScannedForEncodings = 0;
			knownRegions = (
				en,
				Base,
			);
			mainGroup = 50EC52972A6128C400998C56;
			productRefGroup = 50EC52A12A6128C400998C56 /* Products */;
			projectDirPath = "";
			projectRoot = "";
			targets = (
				50EC529F2A6128C400998C56 /* APIDataBitcoine */,
				50EC52B52A6128C700998C56 /* APIDataBitcoineTests */,
				50EC52BF2A6128C700998C56 /* APIDataBitcoineUITests */,
			);
		};
/* End PBXProject section */

/* Begin PBXResourcesBuildPhase section */
		50EC529E2A6128C400998C56 /* Resources */ = {
			isa = PBXResourcesBuildPhase;
			buildActionMask = 2147483647;
			files = (
				50EC52B02A6128C700998C56 /* LaunchScreen.storyboard in Resources */,
				50EC52AD2A6128C600998C56 /* Assets.xcassets in Resources */,
				50EC52AB2A6128C400998C56 /* Main.storyboard in Resources */,
			);
			runOnlyForDeploymentPostprocessing = 0;
		};
		50EC52B42A6128C700998C56 /* Resources */ = {
			isa = PBXResourcesBuildPhase;
			buildActionMask = 2147483647;
			files = (
			);
			runOnlyForDeploymentPostprocessing = 0;
		};
		50EC52BE2A6128C700998C56 /* Resources */ = {
			isa = PBXResourcesBuildPhase;
			buildActionMask = 2147483647;
			files = (
			);
			runOnlyForDeploymentPostprocessing = 0;
		};
/* End PBXResourcesBuildPhase section */

/* Begin PBXSourcesBuildPhase section */
		50EC529C2A6128C400998C56 /* Sources */ = {
			isa = PBXSourcesBuildPhase;
			buildActionMask = 2147483647;
			files = (
				50EC52A82A6128C400998C56 /* ViewController.swift in Sources */,
				50EC52A42A6128C400998C56 /* AppDelegate.swift in Sources */,
				50EC52A62A6128C400998C56 /* SceneDelegate.swift in Sources */,
			);
			runOnlyForDeploymentPostprocessing = 0;
		};
		50EC52B22A6128C700998C56 /* Sources */ = {
			isa = PBXSourcesBuildPhase;
			buildActionMask = 2147483647;
			files = (
				50EC52BB2A6128C700998C56 /* APIDataBitcoineTests.swift in Sources */,
			);
			runOnlyForDeploymentPostprocessing = 0;
		};
		50EC52BC2A6128C700998C56 /* Sources */ = {
			isa = PBXSourcesBuildPhase;
			buildActionMask = 2147483647;
			files = (
				50EC52C72A6128C700998C56 /* APIDataBitcoineUITestsLaunchTests.swift in Sources */,
				50EC52C52A6128C700998C56 /* APIDataBitcoineUITests.swift in Sources */,
			);
			runOnlyForDeploymentPostprocessing = 0;
		};
/* End PBXSourcesBuildPhase section */

/* Begin PBXTargetDependency section */
		50EC52B82A6128C700998C56 /* PBXTargetDependency */ = {
			isa = PBXTargetDependency;
			target = 50EC529F2A6128C400998C56 /* APIDataBitcoine */;
			targetProxy = 50EC52B72A6128C700998C56 /* PBXContainerItemProxy */;
		};
		50EC52C22A6128C700998C56 /* PBXTargetDependency */ = {
			isa = PBXTargetDependency;
			target = 50EC529F2A6128C400998C56 /* APIDataBitcoine */;
			targetProxy = 50EC52C12A6128C700998C56 /* PBXContainerItemProxy */;
		};
/* End PBXTargetDependency section */

/* Begin PBXVariantGroup section */
		50EC52A92A6128C400998C56 /* Main.storyboard */ = {
			isa = PBXVariantGroup;
			children = (
				50EC52AA2A6128C400998C56 /* Base */,
			);
			name = Main.storyboard;
			sourceTree = "<group>";
		};
		50EC52AE2A6128C700998C56 /* LaunchScreen.storyboard */ = {
			isa = PBXVariantGroup;
			children = (
				50EC52AF2A6128C700998C56 /* Base */,
			);
			name = LaunchScreen.storyboard;
			sourceTree = "<group>";
		};
/* End PBXVariantGroup section */

/* Begin XCBuildConfiguration section */
		50EC52C82A6128C700998C56 /* Debug */ = {
			isa = XCBuildConfiguration;
			buildSettings = {
				ALWAYS_SEARCH_USER_PATHS = NO;
				CLANG_ANALYZER_NONNULL = YES;
				CLANG_ANALYZER_NUMBER_OBJECT_CONVERSION = YES_AGGRESSIVE;
				CLANG_CXX_LANGUAGE_STANDARD = "gnu++20";
				CLANG_ENABLE_MODULES = YES;
				CLANG_ENABLE_OBJC_ARC = YES;
				CLANG_ENABLE_OBJC_WEAK = YES;
				CLANG_WARN_BLOCK_CAPTURE_AUTORELEASING = YES;
				CLANG_WARN_BOOL_CONVERSION = YES;
				CLANG_WARN_COMMA = YES;
				CLANG_WARN_CONSTANT_CONVERSION = YES;
				CLANG_WARN_DEPRECATED_OBJC_IMPLEMENTATIONS = YES;
				CLANG_WARN_DIRECT_OBJC_ISA_USAGE = YES_ERROR;
				CLANG_WARN_DOCUMENTATION_COMMENTS = YES;
				CLANG_WARN_EMPTY_BODY = YES;
				CLANG_WARN_ENUM_CONVERSION = YES;
				CLANG_WARN_INFINITE_RECURSION = YES;
				CLANG_WARN_INT_CONVERSION = YES;
				CLANG_WARN_NON_LITERAL_NULL_CONVERSION = YES;
				CLANG_WARN_OBJC_IMPLICIT_RETAIN_SELF = YES;
				CLANG_WARN_OBJC_LITERAL_CONVERSION = YES;
				CLANG_WARN_OBJC_ROOT_CLASS = YES_ERROR;
				CLANG_WARN_QUOTED_INCLUDE_IN_FRAMEWORK_HEADER = YES;
				CLANG_WARN_RANGE_LOOP_ANALYSIS = YES;
				CLANG_WARN_STRICT_PROTOTYPES = YES;
				CLANG_WARN_SUSPICIOUS_MOVE = YES;
				CLANG_WARN_UNGUARDED_AVAILABILITY = YES_AGGRESSIVE;
				CLANG_WARN_UNREACHABLE_CODE = YES;
				CLANG_WARN__DUPLICATE_METHOD_MATCH = YES;
				COPY_PHASE_STRIP = NO;
				DEBUG_INFORMATION_FORMAT = dwarf;
				ENABLE_STRICT_OBJC_MSGSEND = YES;
				ENABLE_TESTABILITY = YES;
				GCC_C_LANGUAGE_STANDARD = gnu11;
				GCC_DYNAMIC_NO_PIC = NO;
				GCC_NO_COMMON_BLOCKS = YES;
				GCC_OPTIMIZATION_LEVEL = 0;
				GCC_PREPROCESSOR_DEFINITIONS = (
					"DEBUG=1",
					"$(inherited)",
				);
				GCC_WARN_64_TO_32_BIT_CONVERSION = YES;
				GCC_WARN_ABOUT_RETURN_TYPE = YES_ERROR;
				GCC_WARN_UNDECLARED_SELECTOR = YES;
				GCC_WARN_UNINITIALIZED_AUTOS = YES_AGGRESSIVE;
				GCC_WARN_UNUSED_FUNCTION = YES;
				GCC_WARN_UNUSED_VARIABLE = YES;
				IPHONEOS_DEPLOYMENT_TARGET = 16.4;
				MTL_ENABLE_DEBUG_INFO = INCLUDE_SOURCE;
				MTL_FAST_MATH = YES;
				ONLY_ACTIVE_ARCH = YES;
				SDKROOT = iphoneos;
				SWIFT_ACTIVE_COMPILATION_CONDITIONS = DEBUG;
				SWIFT_OPTIMIZATION_LEVEL = "-Onone";
			};
			name = Debug;
		};
		50EC52C92A6128C700998C56 /* Release */ = {
			isa = XCBuildConfiguration;
			buildSettings = {
				ALWAYS_SEARCH_USER_PATHS = NO;
				CLANG_ANALYZER_NONNULL = YES;
				CLANG_ANALYZER_NUMBER_OBJECT_CONVERSION = YES_AGGRESSIVE;
				CLANG_CXX_LANGUAGE_STANDARD = "gnu++20";
				CLANG_ENABLE_MODULES = YES;
				CLANG_ENABLE_OBJC_ARC = YES;
				CLANG_ENABLE_OBJC_WEAK = YES;
				CLANG_WARN_BLOCK_CAPTURE_AUTORELEASING = YES;
				CLANG_WARN_BOOL_CONVERSION = YES;
				CLANG_WARN_COMMA = YES;
				CLANG_WARN_CONSTANT_CONVERSION = YES;
				CLANG_WARN_DEPRECATED_OBJC_IMPLEMENTATIONS = YES;
				CLANG_WARN_DIRECT_OBJC_ISA_USAGE = YES_ERROR;
				CLANG_WARN_DOCUMENTATION_COMMENTS = YES;
				CLANG_WARN_EMPTY_BODY = YES;
				CLANG_WARN_ENUM_CONVERSION = YES;
				CLANG_WARN_INFINITE_RECURSION = YES;
				CLANG_WARN_INT_CONVERSION = YES;
				CLANG_WARN_NON_LITERAL_NULL_CONVERSION = YES;
				CLANG_WARN_OBJC_IMPLICIT_RETAIN_SELF = YES;
				CLANG_WARN_OBJC_LITERAL_CONVERSION = YES;
				CLANG_WARN_OBJC_ROOT_CLASS = YES_ERROR;
				CLANG_WARN_QUOTED_INCLUDE_IN_FRAMEWORK_HEADER = YES;
				CLANG_WARN_RANGE_LOOP_ANALYSIS = YES;
				CLANG_WARN_STRICT_PROTOTYPES = YES;
				CLANG_WARN_SUSPICIOUS_MOVE = YES;
				CLANG_WARN_UNGUARDED_AVAILABILITY = YES_AGGRESSIVE;
				CLANG_WARN_UNREACHABLE_CODE = YES;
				CLANG_WARN__DUPLICATE_METHOD_MATCH = YES;
				COPY_PHASE_STRIP = NO;
				DEBUG_INFORMATION_FORMAT = "dwarf-with-dsym";
				ENABLE_NS_ASSERTIONS = NO;
				ENABLE_STRICT_OBJC_MSGSEND = YES;
				GCC_C_LANGUAGE_STANDARD = gnu11;
				GCC_NO_COMMON_BLOCKS = YES;
				GCC_WARN_64_TO_32_BIT_CONVERSION = YES;
				GCC_WARN_ABOUT_RETURN_TYPE = YES_ERROR;
				GCC_WARN_UNDECLARED_SELECTOR = YES;
				GCC_WARN_UNINITIALIZED_AUTOS = YES_AGGRESSIVE;
				GCC_WARN_UNUSED_FUNCTION = YES;
				GCC_WARN_UNUSED_VARIABLE = YES;
				IPHONEOS_DEPLOYMENT_TARGET = 16.4;
				MTL_ENABLE_DEBUG_INFO = NO;
				MTL_FAST_MATH = YES;
				SDKROOT = iphoneos;
				SWIFT_COMPILATION_MODE = wholemodule;
				SWIFT_OPTIMIZATION_LEVEL = "-O";
				VALIDATE_PRODUCT = YES;
			};
			name = Release;
		};
		50EC52CB2A6128C700998C56 /* Debug */ = {
			isa = XCBuildConfiguration;
			buildSettings = {
				ASSETCATALOG_COMPILER_APPICON_NAME = AppIcon;
				ASSETCATALOG_COMPILER_GLOBAL_ACCENT_COLOR_NAME = AccentColor;
				CODE_SIGN_STYLE = Automatic;
				CURRENT_PROJECT_VERSION = 1;
				GENERATE_INFOPLIST_FILE = YES;
				INFOPLIST_FILE = APIDataBitcoine/Info.plist;
				INFOPLIST_KEY_UIApplicationSupportsIndirectInputEvents = YES;
				INFOPLIST_KEY_UILaunchStoryboardName = LaunchScreen;
				INFOPLIST_KEY_UIMainStoryboardFile = Main;
				INFOPLIST_KEY_UISupportedInterfaceOrientations_iPad = "UIInterfaceOrientationPortrait UIInterfaceOrientationPortraitUpsideDown UIInterfaceOrientationLandscapeLeft UIInterfaceOrientationLandscapeRight";
				INFOPLIST_KEY_UISupportedInterfaceOrientations_iPhone = "UIInterfaceOrientationPortrait UIInterfaceOrientationLandscapeLeft UIInterfaceOrientationLandscapeRight";
				LD_RUNPATH_SEARCH_PATHS = (
					"$(inherited)",
					"@executable_path/Frameworks",
				);
				MARKETING_VERSION = 1.0;
				PRODUCT_BUNDLE_IDENTIFIER = com.kaushik.pvl.ltd.APIDataBitcoine;
				PRODUCT_NAME = "$(TARGET_NAME)";
				SWIFT_EMIT_LOC_STRINGS = YES;
				SWIFT_VERSION = 5.0;
				TARGETED_DEVICE_FAMILY = "1,2";
			};
			name = Debug;
		};
		50EC52CC2A6128C700998C56 /* Release */ = {
			isa = XCBuildConfiguration;
			buildSettings = {
				ASSETCATALOG_COMPILER_APPICON_NAME = AppIcon;
				ASSETCATALOG_COMPILER_GLOBAL_ACCENT_COLOR_NAME = AccentColor;
				CODE_SIGN_STYLE = Automatic;
				CURRENT_PROJECT_VERSION = 1;
				GENERATE_INFOPLIST_FILE = YES;
				INFOPLIST_FILE = APIDataBitcoine/Info.plist;
				INFOPLIST_KEY_UIApplicationSupportsIndirectInputEvents = YES;
				INFOPLIST_KEY_UILaunchStoryboardName = LaunchScreen;
				INFOPLIST_KEY_UIMainStoryboardFile = Main;
				INFOPLIST_KEY_UISupportedInterfaceOrientations_iPad = "UIInterfaceOrientationPortrait UIInterfaceOrientationPortraitUpsideDown UIInterfaceOrientationLandscapeLeft UIInterfaceOrientationLandscapeRight";
				INFOPLIST_KEY_UISupportedInterfaceOrientations_iPhone = "UIInterfaceOrientationPortrait UIInterfaceOrientationLandscapeLeft UIInterfaceOrientationLandscapeRight";
				LD_RUNPATH_SEARCH_PATHS = (
					"$(inherited)",
					"@executable_path/Frameworks",
				);
				MARKETING_VERSION = 1.0;
				PRODUCT_BUNDLE_IDENTIFIER = com.kaushik.pvl.ltd.APIDataBitcoine;
				PRODUCT_NAME = "$(TARGET_NAME)";
				SWIFT_EMIT_LOC_STRINGS = YES;
				SWIFT_VERSION = 5.0;
				TARGETED_DEVICE_FAMILY = "1,2";
			};
			name = Release;
		};
		50EC52CE2A6128C700998C56 /* Debug */ = {
			isa = XCBuildConfiguration;
			buildSettings = {
				ALWAYS_EMBED_SWIFT_STANDARD_LIBRARIES = YES;
				BUNDLE_LOADER = "$(TEST_HOST)";
				CODE_SIGN_STYLE = Automatic;
				CURRENT_PROJECT_VERSION = 1;
				GENERATE_INFOPLIST_FILE = YES;
				IPHONEOS_DEPLOYMENT_TARGET = 16.4;
				MARKETING_VERSION = 1.0;
				PRODUCT_BUNDLE_IDENTIFIER = com.kaushik.pvl.ltd.APIDataBitcoineTests;
				PRODUCT_NAME = "$(TARGET_NAME)";
				SWIFT_EMIT_LOC_STRINGS = NO;
				SWIFT_VERSION = 5.0;
				TARGETED_DEVICE_FAMILY = "1,2";
				TEST_HOST = "$(BUILT_PRODUCTS_DIR)/APIDataBitcoine.app/$(BUNDLE_EXECUTABLE_FOLDER_PATH)/APIDataBitcoine";
			};
			name = Debug;
		};
		50EC52CF2A6128C700998C56 /* Release */ = {
			isa = XCBuildConfiguration;
			buildSettings = {
				ALWAYS_EMBED_SWIFT_STANDARD_LIBRARIES = YES;
				BUNDLE_LOADER = "$(TEST_HOST)";
				CODE_SIGN_STYLE = Automatic;
				CURRENT_PROJECT_VERSION = 1;
				GENERATE_INFOPLIST_FILE = YES;
				IPHONEOS_DEPLOYMENT_TARGET = 16.4;
				MARKETING_VERSION = 1.0;
				PRODUCT_BUNDLE_IDENTIFIER = com.kaushik.pvl.ltd.APIDataBitcoineTests;
				PRODUCT_NAME = "$(TARGET_NAME)";
				SWIFT_EMIT_LOC_STRINGS = NO;
				SWIFT_VERSION = 5.0;
				TARGETED_DEVICE_FAMILY = "1,2";
				TEST_HOST = "$(BUILT_PRODUCTS_DIR)/APIDataBitcoine.app/$(BUNDLE_EXECUTABLE_FOLDER_PATH)/APIDataBitcoine";
			};
			name = Release;
		};
		50EC52D12A6128C700998C56 /* Debug */ = {
			isa = XCBuildConfiguration;
			buildSettings = {
				ALWAYS_EMBED_SWIFT_STANDARD_LIBRARIES = YES;
				CODE_SIGN_STYLE = Automatic;
				CURRENT_PROJECT_VERSION = 1;
				GENERATE_INFOPLIST_FILE = YES;
				MARKETING_VERSION = 1.0;
				PRODUCT_BUNDLE_IDENTIFIER = com.kaushik.pvl.ltd.APIDataBitcoineUITests;
				PRODUCT_NAME = "$(TARGET_NAME)";
				SWIFT_EMIT_LOC_STRINGS = NO;
				SWIFT_VERSION = 5.0;
				TARGETED_DEVICE_FAMILY = "1,2";
				TEST_TARGET_NAME = APIDataBitcoine;
			};
			name = Debug;
		};
		50EC52D22A6128C700998C56 /* Release */ = {
			isa = XCBuildConfiguration;
			buildSettings = {
				ALWAYS_EMBED_SWIFT_STANDARD_LIBRARIES = YES;
				CODE_SIGN_STYLE = Automatic;
				CURRENT_PROJECT_VERSION = 1;
				GENERATE_INFOPLIST_FILE = YES;
				MARKETING_VERSION = 1.0;
				PRODUCT_BUNDLE_IDENTIFIER = com.kaushik.pvl.ltd.APIDataBitcoineUITests;
				PRODUCT_NAME = "$(TARGET_NAME)";
				SWIFT_EMIT_LOC_STRINGS = NO;
				SWIFT_VERSION = 5.0;
				TARGETED_DEVICE_FAMILY = "1,2";
				TEST_TARGET_NAME = APIDataBitcoine;
			};
			name = Release;
		};
/* End XCBuildConfiguration section */

/* Begin XCConfigurationList section */
		50EC529B2A6128C400998C56 /* Build configuration list for PBXProject "APIDataBitcoine" */ = {
			isa = XCConfigurationList;
			buildConfigurations = (
				50EC52C82A6128C700998C56 /* Debug */,
				50EC52C92A6128C700998C56 /* Release */,
			);
			defaultConfigurationIsVisible = 0;
			defaultConfigurationName = Release;
		};
		50EC52CA2A6128C700998C56 /* Build configuration list for PBXNativeTarget "APIDataBitcoine" */ = {
			isa = XCConfigurationList;
			buildConfigurations = (
				50EC52CB2A6128C700998C56 /* Debug */,
				50EC52CC2A6128C700998C56 /* Release */,
			);
			defaultConfigurationIsVisible = 0;
			defaultConfigurationName = Release;
		};
		50EC52CD2A6128C700998C56 /* Build configuration list for PBXNativeTarget "APIDataBitcoineTests" */ = {
			isa = XCConfigurationList;
			buildConfigurations = (
				50EC52CE2A6128C700998C56 /* Debug */,
				50EC52CF2A6128C700998C56 /* Release */,
			);
			defaultConfigurationIsVisible = 0;
			defaultConfigurationName = Release;
		};
		50EC52D02A6128C700998C56 /* Build configuration list for PBXNativeTarget "APIDataBitcoineUITests" */ = {
			isa = XCConfigurationList;
			buildConfigurations = (
				50EC52D12A6128C700998C56 /* Debug */,
				50EC52D22A6128C700998C56 /* Release */,
			);
			defaultConfigurationIsVisible = 0;
			defaultConfigurationName = Release;
		};
/* End XCConfigurationList section */
	};
	rootObject = 50EC52982A6128C400998C56 /* Project object */;
}
